
Microsoft Visual Studio Solution File, Format Version 12.00
# Visual Studio Version 17
VisualStudioVersion = 17.1.32421.90
MinimumVisualStudioVersion = 10.0.40219.1
Project("{9A19103F-16F7-4668-BE54-9A1E7A4F7556}") = "Users.API", "Users.API\Users.API.csproj", "{7E5ED9F3-476D-4820-8849-6AD517A8EB6E}"
EndProject
Project("{9A19103F-16F7-4668-BE54-9A1E7A4F7556}") = "Users.UnitTests", "Users.UnitTests\Users.UnitTests.csproj", "{E40F52DE-CE7C-4FFA-AE22-E31E44909D70}"
EndProject
Project("{E53339B2-1760-4266-BCC7-CA923CBCF16C}") = "docker-compose", "docker-compose.dcproj", "{42420A91-52C2-4D76-9B9E-6820841B6316}"
EndProject
Project("{FAE04EC0-301F-11D3-BF4B-00C04F79EFBC}") = "AppUser.UWP", "..\AppUser\AppUser.UWP\AppUser.UWP.csproj", "{8023DDA0-FA6D-4B68-954E-A3715137962C}"
EndProject
Project("{FAE04EC0-301F-11D3-BF4B-00C04F79EFBC}") = "AppUser.Android", "..\AppUser\AppUser.Android\AppUser.Android.csproj", "{F3CDF7F3-9A92-4FFF-B0C6-C458C40DE5CF}"
EndProject
Project("{FAE04EC0-301F-11D3-BF4B-00C04F79EFBC}") = "AppUser.iOS", "..\AppUser\AppUser.iOS\AppUser.iOS.csproj", "{EE886584-7352-489E-9ECC-59374584C0CB}"
EndProject
Project("{FAE04EC0-301F-11D3-BF4B-00C04F79EFBC}") = "AppUser", "..\AppUser\AppUser\AppUser.csproj", "{7F143B89-230E-4745-AF25-E454B932AE29}"
EndProject
Global
	GlobalSection(SolutionConfigurationPlatforms) = preSolution
		Debug|Any CPU = Debug|Any CPU
		Debug|ARM = Debug|ARM
		Debug|iPhone = Debug|iPhone
		Debug|iPhoneSimulator = Debug|iPhoneSimulator
		Debug|x64 = Debug|x64
		Debug|x86 = Debug|x86
		Release|Any CPU = Release|Any CPU
		Release|ARM = Release|ARM
		Release|iPhone = Release|iPhone
		Release|iPhoneSimulator = Release|iPhoneSimulator
		Release|x64 = Release|x64
		Release|x86 = Release|x86
	EndGlobalSection
	GlobalSection(ProjectConfigurationPlatforms) = postSolution
		{7E5ED9F3-476D-4820-8849-6AD517A8EB6E}.Debug|Any CPU.ActiveCfg = Debug|Any CPU
		{7E5ED9F3-476D-4820-8849-6AD517A8EB6E}.Debug|Any CPU.Build.0 = Debug|Any CPU
		{7E5ED9F3-476D-4820-8849-6AD517A8EB6E}.Debug|ARM.ActiveCfg = Debug|Any CPU
		{7E5ED9F3-476D-4820-8849-6AD517A8EB6E}.Debug|ARM.Build.0 = Debug|Any CPU
		{7E5ED9F3-476D-4820-8849-6AD517A8EB6E}.Debug|iPhone.ActiveCfg = Debug|Any CPU
		{7E5ED9F3-476D-4820-8849-6AD517A8EB6E}.Debug|iPhone.Build.0 = Debug|Any CPU
		{7E5ED9F3-476D-4820-8849-6AD517A8EB6E}.Debug|iPhoneSimulator.ActiveCfg = Debug|Any CPU
		{7E5ED9F3-476D-4820-8849-6AD517A8EB6E}.Debug|iPhoneSimulator.Build.0 = Debug|Any CPU
		{7E5ED9F3-476D-4820-8849-6AD517A8EB6E}.Debug|x64.ActiveCfg = Debug|Any CPU
		{7E5ED9F3-476D-4820-8849-6AD517A8EB6E}.Debug|x64.Build.0 = Debug|Any CPU
		{7E5ED9F3-476D-4820-8849-6AD517A8EB6E}.Debug|x86.ActiveCfg = Debug|Any CPU
		{7E5ED9F3-476D-4820-8849-6AD517A8EB6E}.Debug|x86.Build.0 = Debug|Any CPU
		{7E5ED9F3-476D-4820-8849-6AD517A8EB6E}.Release|Any CPU.ActiveCfg = Release|Any CPU
		{7E5ED9F3-476D-4820-8849-6AD517A8EB6E}.Release|Any CPU.Build.0 = Release|Any CPU
		{7E5ED9F3-476D-4820-8849-6AD517A8EB6E}.Release|ARM.ActiveCfg = Release|Any CPU
		{7E5ED9F3-476D-4820-8849-6AD517A8EB6E}.Release|ARM.Build.0 = Release|Any CPU
		{7E5ED9F3-476D-4820-8849-6AD517A8EB6E}.Release|iPhone.ActiveCfg = Release|Any CPU
		{7E5ED9F3-476D-4820-8849-6AD517A8EB6E}.Release|iPhone.Build.0 = Release|Any CPU
		{7E5ED9F3-476D-4820-8849-6AD517A8EB6E}.Release|iPhoneSimulator.ActiveCfg = Release|Any CPU
		{7E5ED9F3-476D-4820-8849-6AD517A8EB6E}.Release|iPhoneSimulator.Build.0 = Release|Any CPU
		{7E5ED9F3-476D-4820-8849-6AD517A8EB6E}.Release|x64.ActiveCfg = Release|Any CPU
		{7E5ED9F3-476D-4820-8849-6AD517A8EB6E}.Release|x64.Build.0 = Release|Any CPU
		{7E5ED9F3-476D-4820-8849-6AD517A8EB6E}.Release|x86.ActiveCfg = Release|Any CPU
		{7E5ED9F3-476D-4820-8849-6AD517A8EB6E}.Release|x86.Build.0 = Release|Any CPU
		{E40F52DE-CE7C-4FFA-AE22-E31E44909D70}.Debug|Any CPU.ActiveCfg = Debug|Any CPU
		{E40F52DE-CE7C-4FFA-AE22-E31E44909D70}.Debug|Any CPU.Build.0 = Debug|Any CPU
		{E40F52DE-CE7C-4FFA-AE22-E31E44909D70}.Debug|ARM.ActiveCfg = Debug|Any CPU
		{E40F52DE-CE7C-4FFA-AE22-E31E44909D70}.Debug|ARM.Build.0 = Debug|Any CPU
		{E40F52DE-CE7C-4FFA-AE22-E31E44909D70}.Debug|iPhone.ActiveCfg = Debug|Any CPU
		{E40F52DE-CE7C-4FFA-AE22-E31E44909D70}.Debug|iPhone.Build.0 = Debug|Any CPU
		{E40F52DE-CE7C-4FFA-AE22-E31E44909D70}.Debug|iPhoneSimulator.ActiveCfg = Debug|Any CPU
		{E40F52DE-CE7C-4FFA-AE22-E31E44909D70}.Debug|iPhoneSimulator.Build.0 = Debug|Any CPU
		{E40F52DE-CE7C-4FFA-AE22-E31E44909D70}.Debug|x64.ActiveCfg = Debug|Any CPU
		{E40F52DE-CE7C-4FFA-AE22-E31E44909D70}.Debug|x64.Build.0 = Debug|Any CPU
		{E40F52DE-CE7C-4FFA-AE22-E31E44909D70}.Debug|x86.ActiveCfg = Debug|Any CPU
		{E40F52DE-CE7C-4FFA-AE22-E31E44909D70}.Debug|x86.Build.0 = Debug|Any CPU
		{E40F52DE-CE7C-4FFA-AE22-E31E44909D70}.Release|Any CPU.ActiveCfg = Release|Any CPU
		{E40F52DE-CE7C-4FFA-AE22-E31E44909D70}.Release|Any CPU.Build.0 = Release|Any CPU
		{E40F52DE-CE7C-4FFA-AE22-E31E44909D70}.Release|ARM.ActiveCfg = Release|Any CPU
		{E40F52DE-CE7C-4FFA-AE22-E31E44909D70}.Release|ARM.Build.0 = Release|Any CPU
		{E40F52DE-CE7C-4FFA-AE22-E31E44909D70}.Release|iPhone.ActiveCfg = Release|Any CPU
		{E40F52DE-CE7C-4FFA-AE22-E31E44909D70}.Release|iPhone.Build.0 = Release|Any CPU
		{E40F52DE-CE7C-4FFA-AE22-E31E44909D70}.Release|iPhoneSimulator.ActiveCfg = Release|Any CPU
		{E40F52DE-CE7C-4FFA-AE22-E31E44909D70}.Release|iPhoneSimulator.Build.0 = Release|Any CPU
		{E40F52DE-CE7C-4FFA-AE22-E31E44909D70}.Release|x64.ActiveCfg = Release|Any CPU
		{E40F52DE-CE7C-4FFA-AE22-E31E44909D70}.Release|x64.Build.0 = Release|Any CPU
		{E40F52DE-CE7C-4FFA-AE22-E31E44909D70}.Release|x86.ActiveCfg = Release|Any CPU
		{E40F52DE-CE7C-4FFA-AE22-E31E44909D70}.Release|x86.Build.0 = Release|Any CPU
		{42420A91-52C2-4D76-9B9E-6820841B6316}.Debug|Any CPU.ActiveCfg = Debug|Any CPU
		{42420A91-52C2-4D76-9B9E-6820841B6316}.Debug|Any CPU.Build.0 = Debug|Any CPU
		{42420A91-52C2-4D76-9B9E-6820841B6316}.Debug|ARM.ActiveCfg = Debug|Any CPU
		{42420A91-52C2-4D76-9B9E-6820841B6316}.Debug|ARM.Build.0 = Debug|Any CPU
		{42420A91-52C2-4D76-9B9E-6820841B6316}.Debug|iPhone.ActiveCfg = Debug|Any CPU
		{42420A91-52C2-4D76-9B9E-6820841B6316}.Debug|iPhone.Build.0 = Debug|Any CPU
		{42420A91-52C2-4D76-9B9E-6820841B6316}.Debug|iPhoneSimulator.ActiveCfg = Debug|Any CPU
		{42420A91-52C2-4D76-9B9E-6820841B6316}.Debug|iPhoneSimulator.Build.0 = Debug|Any CPU
		{42420A91-52C2-4D76-9B9E-6820841B6316}.Debug|x64.ActiveCfg = Debug|Any CPU
		{42420A91-52C2-4D76-9B9E-6820841B6316}.Debug|x64.Build.0 = Debug|Any CPU
		{42420A91-52C2-4D76-9B9E-6820841B6316}.Debug|x86.ActiveCfg = Debug|Any CPU
		{42420A91-52C2-4D76-9B9E-6820841B6316}.Debug|x86.Build.0 = Debug|Any CPU
		{42420A91-52C2-4D76-9B9E-6820841B6316}.Release|Any CPU.ActiveCfg = Release|Any CPU
		{42420A91-52C2-4D76-9B9E-6820841B6316}.Release|Any CPU.Build.0 = Release|Any CPU
		{42420A91-52C2-4D76-9B9E-6820841B6316}.Release|ARM.ActiveCfg = Release|Any CPU
		{42420A91-52C2-4D76-9B9E-6820841B6316}.Release|ARM.Build.0 = Release|Any CPU
		{42420A91-52C2-4D76-9B9E-6820841B6316}.Release|iPhone.ActiveCfg = Release|Any CPU
		{42420A91-52C2-4D76-9B9E-6820841B6316}.Release|iPhone.Build.0 = Release|Any CPU
		{42420A91-52C2-4D76-9B9E-6820841B6316}.Release|iPhoneSimulator.ActiveCfg = Release|Any CPU
		{42420A91-52C2-4D76-9B9E-6820841B6316}.Release|iPhoneSimulator.Build.0 = Release|Any CPU
		{42420A91-52C2-4D76-9B9E-6820841B6316}.Release|x64.ActiveCfg = Release|Any CPU
		{42420A91-52C2-4D76-9B9E-6820841B6316}.Release|x64.Build.0 = Release|Any CPU
		{42420A91-52C2-4D76-9B9E-6820841B6316}.Release|x86.ActiveCfg = Release|Any CPU
		{42420A91-52C2-4D76-9B9E-6820841B6316}.Release|x86.Build.0 = Release|Any CPU
		{8023DDA0-FA6D-4B68-954E-A3715137962C}.Debug|Any CPU.ActiveCfg = Debug|x64
		{8023DDA0-FA6D-4B68-954E-A3715137962C}.Debug|Any CPU.Build.0 = Debug|x64
		{8023DDA0-FA6D-4B68-954E-A3715137962C}.Debug|Any CPU.Deploy.0 = Debug|x64
		{8023DDA0-FA6D-4B68-954E-A3715137962C}.Debug|ARM.ActiveCfg = Debug|ARM
		{8023DDA0-FA6D-4B68-954E-A3715137962C}.Debug|ARM.Build.0 = Debug|ARM
		{8023DDA0-FA6D-4B68-954E-A3715137962C}.Debug|ARM.Deploy.0 = Debug|ARM
		{8023DDA0-FA6D-4B68-954E-A3715137962C}.Debug|iPhone.ActiveCfg = Debug|x64
		{8023DDA0-FA6D-4B68-954E-A3715137962C}.Debug|iPhone.Build.0 = Debug|x64
		{8023DDA0-FA6D-4B68-954E-A3715137962C}.Debug|iPhone.Deploy.0 = Debug|x64
		{8023DDA0-FA6D-4B68-954E-A3715137962C}.Debug|iPhoneSimulator.ActiveCfg = Debug|x64
		{8023DDA0-FA6D-4B68-954E-A3715137962C}.Debug|iPhoneSimulator.Build.0 = Debug|x64
		{8023DDA0-FA6D-4B68-954E-A3715137962C}.Debug|iPhoneSimulator.Deploy.0 = Debug|x64
		{8023DDA0-FA6D-4B68-954E-A3715137962C}.Debug|x64.ActiveCfg = Debug|x64
		{8023DDA0-FA6D-4B68-954E-A3715137962C}.Debug|x64.Build.0 = Debug|x64
		{8023DDA0-FA6D-4B68-954E-A3715137962C}.Debug|x64.Deploy.0 = Debug|x64
		{8023DDA0-FA6D-4B68-954E-A3715137962C}.Debug|x86.ActiveCfg = Debug|x86
		{8023DDA0-FA6D-4B68-954E-A3715137962C}.Debug|x86.Build.0 = Debug|x86
		{8023DDA0-FA6D-4B68-954E-A3715137962C}.Debug|x86.Deploy.0 = Debug|x86
		{8023DDA0-FA6D-4B68-954E-A3715137962C}.Release|Any CPU.ActiveCfg = Release|x64
		{8023DDA0-FA6D-4B68-954E-A3715137962C}.Release|Any CPU.Build.0 = Release|x64
		{8023DDA0-FA6D-4B68-954E-A3715137962C}.Release|Any CPU.Deploy.0 = Release|x64
		{8023DDA0-FA6D-4B68-954E-A3715137962C}.Release|ARM.ActiveCfg = Release|ARM
		{8023DDA0-FA6D-4B68-954E-A3715137962C}.Release|ARM.Build.0 = Release|ARM
		{8023DDA0-FA6D-4B68-954E-A3715137962C}.Release|ARM.Deploy.0 = Release|ARM
		{8023DDA0-FA6D-4B68-954E-A3715137962C}.Release|iPhone.ActiveCfg = Release|x64
		{8023DDA0-FA6D-4B68-954E-A3715137962C}.Release|iPhone.Build.0 = Release|x64
		{8023DDA0-FA6D-4B68-954E-A3715137962C}.Release|iPhone.Deploy.0 = Release|x64
		{8023DDA0-FA6D-4B68-954E-A3715137962C}.Release|iPhoneSimulator.ActiveCfg = Release|x64
		{8023DDA0-FA6D-4B68-954E-A3715137962C}.Release|iPhoneSimulator.Build.0 = Release|x64
		{8023DDA0-FA6D-4B68-954E-A3715137962C}.Release|iPhoneSimulator.Deploy.0 = Release|x64
		{8023DDA0-FA6D-4B68-954E-A3715137962C}.Release|x64.ActiveCfg = Release|x64
		{8023DDA0-FA6D-4B68-954E-A3715137962C}.Release|x64.Build.0 = Release|x64
		{8023DDA0-FA6D-4B68-954E-A3715137962C}.Release|x64.Deploy.0 = Release|x64
		{8023DDA0-FA6D-4B68-954E-A3715137962C}.Release|x86.ActiveCfg = Release|x86
		{8023DDA0-FA6D-4B68-954E-A3715137962C}.Release|x86.Build.0 = Release|x86
		{8023DDA0-FA6D-4B68-954E-A3715137962C}.Release|x86.Deploy.0 = Release|x86
		{F3CDF7F3-9A92-4FFF-B0C6-C458C40DE5CF}.Debug|Any CPU.ActiveCfg = Debug|Any CPU
		{F3CDF7F3-9A92-4FFF-B0C6-C458C40DE5CF}.Debug|Any CPU.Build.0 = Debug|Any CPU
		{F3CDF7F3-9A92-4FFF-B0C6-C458C40DE5CF}.Debug|Any CPU.Deploy.0 = Debug|Any CPU
		{F3CDF7F3-9A92-4FFF-B0C6-C458C40DE5CF}.Debug|ARM.ActiveCfg = Debug|Any CPU
		{F3CDF7F3-9A92-4FFF-B0C6-C458C40DE5CF}.Debug|ARM.Build.0 = Debug|Any CPU
		{F3CDF7F3-9A92-4FFF-B0C6-C458C40DE5CF}.Debug|ARM.Deploy.0 = Debug|Any CPU
		{F3CDF7F3-9A92-4FFF-B0C6-C458C40DE5CF}.Debug|iPhone.ActiveCfg = Debug|Any CPU
		{F3CDF7F3-9A92-4FFF-B0C6-C458C40DE5CF}.Debug|iPhone.Build.0 = Debug|Any CPU
		{F3CDF7F3-9A92-4FFF-B0C6-C458C40DE5CF}.Debug|iPhone.Deploy.0 = Debug|Any CPU
		{F3CDF7F3-9A92-4FFF-B0C6-C458C40DE5CF}.Debug|iPhoneSimulator.ActiveCfg = Debug|Any CPU
		{F3CDF7F3-9A92-4FFF-B0C6-C458C40DE5CF}.Debug|iPhoneSimulator.Build.0 = Debug|Any CPU
		{F3CDF7F3-9A92-4FFF-B0C6-C458C40DE5CF}.Debug|iPhoneSimulator.Deploy.0 = Debug|Any CPU
		{F3CDF7F3-9A92-4FFF-B0C6-C458C40DE5CF}.Debug|x64.ActiveCfg = Debug|Any CPU
		{F3CDF7F3-9A92-4FFF-B0C6-C458C40DE5CF}.Debug|x64.Build.0 = Debug|Any CPU
		{F3CDF7F3-9A92-4FFF-B0C6-C458C40DE5CF}.Debug|x64.Deploy.0 = Debug|Any CPU
		{F3CDF7F3-9A92-4FFF-B0C6-C458C40DE5CF}.Debug|x86.ActiveCfg = Debug|Any CPU
		{F3CDF7F3-9A92-4FFF-B0C6-C458C40DE5CF}.Debug|x86.Build.0 = Debug|Any CPU
		{F3CDF7F3-9A92-4FFF-B0C6-C458C40DE5CF}.Debug|x86.Deploy.0 = Debug|Any CPU
		{F3CDF7F3-9A92-4FFF-B0C6-C458C40DE5CF}.Release|Any CPU.ActiveCfg = Release|Any CPU
		{F3CDF7F3-9A92-4FFF-B0C6-C458C40DE5CF}.Release|Any CPU.Build.0 = Release|Any CPU
		{F3CDF7F3-9A92-4FFF-B0C6-C458C40DE5CF}.Release|Any CPU.Deploy.0 = Release|Any CPU
		{F3CDF7F3-9A92-4FFF-B0C6-C458C40DE5CF}.Release|ARM.ActiveCfg = Release|Any CPU
		{F3CDF7F3-9A92-4FFF-B0C6-C458C40DE5CF}.Release|ARM.Build.0 = Release|Any CPU
		{F3CDF7F3-9A92-4FFF-B0C6-C458C40DE5CF}.Release|ARM.Deploy.0 = Release|Any CPU
		{F3CDF7F3-9A92-4FFF-B0C6-C458C40DE5CF}.Release|iPhone.ActiveCfg = Release|Any CPU
		{F3CDF7F3-9A92-4FFF-B0C6-C458C40DE5CF}.Release|iPhone.Build.0 = Release|Any CPU
		{F3CDF7F3-9A92-4FFF-B0C6-C458C40DE5CF}.Release|iPhone.Deploy.0 = Release|Any CPU
		{F3CDF7F3-9A92-4FFF-B0C6-C458C40DE5CF}.Release|iPhoneSimulator.ActiveCfg = Release|Any CPU
		{F3CDF7F3-9A92-4FFF-B0C6-C458C40DE5CF}.Release|iPhoneSimulator.Build.0 = Release|Any CPU
		{F3CDF7F3-9A92-4FFF-B0C6-C458C40DE5CF}.Release|iPhoneSimulator.Deploy.0 = Release|Any CPU
		{F3CDF7F3-9A92-4FFF-B0C6-C458C40DE5CF}.Release|x64.ActiveCfg = Release|Any CPU
		{F3CDF7F3-9A92-4FFF-B0C6-C458C40DE5CF}.Release|x64.Build.0 = Release|Any CPU
		{F3CDF7F3-9A92-4FFF-B0C6-C458C40DE5CF}.Release|x64.Deploy.0 = Release|Any CPU
		{F3CDF7F3-9A92-4FFF-B0C6-C458C40DE5CF}.Release|x86.ActiveCfg = Release|Any CPU
		{F3CDF7F3-9A92-4FFF-B0C6-C458C40DE5CF}.Release|x86.Build.0 = Release|Any CPU
		{F3CDF7F3-9A92-4FFF-B0C6-C458C40DE5CF}.Release|x86.Deploy.0 = Release|Any CPU
		{EE886584-7352-489E-9ECC-59374584C0CB}.Debug|Any CPU.ActiveCfg = Debug|iPhoneSimulator
		{EE886584-7352-489E-9ECC-59374584C0CB}.Debug|Any CPU.Build.0 = Debug|iPhoneSimulator
		{EE886584-7352-489E-9ECC-59374584C0CB}.Debug|ARM.ActiveCfg = Debug|iPhoneSimulator
		{EE886584-7352-489E-9ECC-59374584C0CB}.Debug|ARM.Build.0 = Debug|iPhoneSimulator
		{EE886584-7352-489E-9ECC-59374584C0CB}.Debug|iPhone.ActiveCfg = Debug|iPhone
		{EE886584-7352-489E-9ECC-59374584C0CB}.Debug|iPhone.Build.0 = Debug|iPhone
		{EE886584-7352-489E-9ECC-59374584C0CB}.Debug|iPhoneSimulator.ActiveCfg = Debug|iPhoneSimulator
		{EE886584-7352-489E-9ECC-59374584C0CB}.Debug|iPhoneSimulator.Build.0 = Debug|iPhoneSimulator
		{EE886584-7352-489E-9ECC-59374584C0CB}.Debug|x64.ActiveCfg = Debug|iPhoneSimulator
		{EE886584-7352-489E-9ECC-59374584C0CB}.Debug|x64.Build.0 = Debug|iPhoneSimulator
		{EE886584-7352-489E-9ECC-59374584C0CB}.Debug|x86.ActiveCfg = Debug|iPhoneSimulator
		{EE886584-7352-489E-9ECC-59374584C0CB}.Debug|x86.Build.0 = Debug|iPhoneSimulator
		{EE886584-7352-489E-9ECC-59374584C0CB}.Release|Any CPU.ActiveCfg = Release|iPhoneSimulator
		{EE886584-7352-489E-9ECC-59374584C0CB}.Release|Any CPU.Build.0 = Release|iPhoneSimulator
		{EE886584-7352-489E-9ECC-59374584C0CB}.Release|ARM.ActiveCfg = Release|iPhoneSimulator
		{EE886584-7352-489E-9ECC-59374584C0CB}.Release|ARM.Build.0 = Release|iPhoneSimulator
		{EE886584-7352-489E-9ECC-59374584C0CB}.Release|iPhone.ActiveCfg = Release|iPhone
		{EE886584-7352-489E-9ECC-59374584C0CB}.Release|iPhone.Build.0 = Release|iPhone
		{EE886584-7352-489E-9ECC-59374584C0CB}.Release|iPhoneSimulator.ActiveCfg = Release|iPhoneSimulator
		{EE886584-7352-489E-9ECC-59374584C0CB}.Release|iPhoneSimulator.Build.0 = Release|iPhoneSimulator
		{EE886584-7352-489E-9ECC-59374584C0CB}.Release|x64.ActiveCfg = Release|iPhoneSimulator
		{EE886584-7352-489E-9ECC-59374584C0CB}.Release|x64.Build.0 = Release|iPhoneSimulator
		{EE886584-7352-489E-9ECC-59374584C0CB}.Release|x86.ActiveCfg = Release|iPhoneSimulator
		{EE886584-7352-489E-9ECC-59374584C0CB}.Release|x86.Build.0 = Release|iPhoneSimulator
		{7F143B89-230E-4745-AF25-E454B932AE29}.Debug|Any CPU.ActiveCfg = Debug|Any CPU
		{7F143B89-230E-4745-AF25-E454B932AE29}.Debug|Any CPU.Build.0 = Debug|Any CPU
		{7F143B89-230E-4745-AF25-E454B932AE29}.Debug|ARM.ActiveCfg = Debug|Any CPU
		{7F143B89-230E-4745-AF25-E454B932AE29}.Debug|ARM.Build.0 = Debug|Any CPU
		{7F143B89-230E-4745-AF25-E454B932AE29}.Debug|iPhone.ActiveCfg = Debug|Any CPU
		{7F143B89-230E-4745-AF25-E454B932AE29}.Debug|iPhone.Build.0 = Debug|Any CPU
		{7F143B89-230E-4745-AF25-E454B932AE29}.Debug|iPhoneSimulator.ActiveCfg = Debug|Any CPU
		{7F143B89-230E-4745-AF25-E454B932AE29}.Debug|iPhoneSimulator.Build.0 = Debug|Any CPU
		{7F143B89-230E-4745-AF25-E454B932AE29}.Debug|x64.ActiveCfg = Debug|Any CPU
		{7F143B89-230E-4745-AF25-E454B932AE29}.Debug|x64.Build.0 = Debug|Any CPU
		{7F143B89-230E-4745-AF25-E454B932AE29}.Debug|x86.ActiveCfg = Debug|Any CPU
		{7F143B89-230E-4745-AF25-E454B932AE29}.Debug|x86.Build.0 = Debug|Any CPU
		{7F143B89-230E-4745-AF25-E454B932AE29}.Release|Any CPU.ActiveCfg = Release|Any CPU
		{7F143B89-230E-4745-AF25-E454B932AE29}.Release|Any CPU.Build.0 = Release|Any CPU
		{7F143B89-230E-4745-AF25-E454B932AE29}.Release|ARM.ActiveCfg = Release|Any CPU
		{7F143B89-230E-4745-AF25-E454B932AE29}.Release|ARM.Build.0 = Release|Any CPU
		{7F143B89-230E-4745-AF25-E454B932AE29}.Release|iPhone.ActiveCfg = Release|Any CPU
		{7F143B89-230E-4745-AF25-E454B932AE29}.Release|iPhone.Build.0 = Release|Any CPU
		{7F143B89-230E-4745-AF25-E454B932AE29}.Release|iPhoneSimulator.ActiveCfg = Release|Any CPU
		{7F143B89-230E-4745-AF25-E454B932AE29}.Release|iPhoneSimulator.Build.0 = Release|Any CPU
		{7F143B89-230E-4745-AF25-E454B932AE29}.Release|x64.ActiveCfg = Release|Any CPU
		{7F143B89-230E-4745-AF25-E454B932AE29}.Release|x64.Build.0 = Release|Any CPU
		{7F143B89-230E-4745-AF25-E454B932AE29}.Release|x86.ActiveCfg = Release|Any CPU
		{7F143B89-230E-4745-AF25-E454B932AE29}.Release|x86.Build.0 = Release|Any CPU
	EndGlobalSection
	GlobalSection(SolutionProperties) = preSolution
		HideSolutionNode = FALSE
	EndGlobalSection
	GlobalSection(ExtensibilityGlobals) = postSolution
		SolutionGuid = {0D2EBDD4-4C6D-437F-A76B-3B94076FB99B}
	EndGlobalSection
EndGlobal
